// !$*UTF8*$!
{
	archiveVersion = 1;
	classes = {
	};
	objectVersion = 50;
	objects = {

/* Begin PBXBuildFile section */
		1A7ED41A251A159B00621779 /* AppDelegate.m in Sources */ = {isa = PBXBuildFile; fileRef = 1A7ED419251A159B00621779 /* AppDelegate.m */; };
		1A7ED41D251A159B00621779 /* SceneDelegate.m in Sources */ = {isa = PBXBuildFile; fileRef = 1A7ED41C251A159B00621779 /* SceneDelegate.m */; };
		1A7ED420251A159B00621779 /* ViewController.mm in Sources */ = {isa = PBXBuildFile; fileRef = 1A7ED41F251A159B00621779 /* ViewController.mm */; };
		1A7ED423251A159B00621779 /* Main.storyboard in Resources */ = {isa = PBXBuildFile; fileRef = 1A7ED421251A159B00621779 /* Main.storyboard */; };
		1A7ED425251A159B00621779 /* Assets.xcassets in Resources */ = {isa = PBXBuildFile; fileRef = 1A7ED424251A159B00621779 /* Assets.xcassets */; };
		1A7ED428251A159B00621779 /* LaunchScreen.storyboard in Resources */ = {isa = PBXBuildFile; fileRef = 1A7ED426251A159B00621779 /* LaunchScreen.storyboard */; };
		1A7ED42B251A159B00621779 /* main.m in Sources */ = {isa = PBXBuildFile; fileRef = 1A7ED42A251A159B00621779 /* main.m */; };
		1A8C6210252357AA0042CEF4 /* libpdfix.a in Frameworks */ = {isa = PBXBuildFile; fileRef = 1A8C620F252357AA0042CEF4 /* libpdfix.a */; };
/* End PBXBuildFile section */

/* Begin PBXFileReference section */
		1A7ED415251A159B00621779 /* RApp.app */ = {isa = PBXFileReference; explicitFileType = wrapper.application; includeInIndex = 0; path = RApp.app; sourceTree = BUILT_PRODUCTS_DIR; };
		1A7ED418251A159B00621779 /* AppDelegate.h */ = {isa = PBXFileReference; lastKnownFileType = sourcecode.c.h; path = AppDelegate.h; sourceTree = "<group>"; };
		1A7ED419251A159B00621779 /* AppDelegate.m */ = {isa = PBXFileReference; lastKnownFileType = sourcecode.c.objc; path = AppDelegate.m; sourceTree = "<group>"; };
		1A7ED41B251A159B00621779 /* SceneDelegate.h */ = {isa = PBXFileReference; lastKnownFileType = sourcecode.c.h; path = SceneDelegate.h; sourceTree = "<group>"; };
		1A7ED41C251A159B00621779 /* SceneDelegate.m */ = {isa = PBXFileReference; lastKnownFileType = sourcecode.c.objc; path = SceneDelegate.m; sourceTree = "<group>"; };
		1A7ED41E251A159B00621779 /* ViewController.h */ = {isa = PBXFileReference; lastKnownFileType = sourcecode.c.h; path = ViewController.h; sourceTree = "<group>"; };
		1A7ED41F251A159B00621779 /* ViewController.mm */ = {isa = PBXFileReference; lastKnownFileType = sourcecode.cpp.objcpp; path = ViewController.mm; sourceTree = "<group>"; };
		1A7ED422251A159B00621779 /* Base */ = {isa = PBXFileReference; lastKnownFileType = file.storyboard; name = Base; path = Base.lproj/Main.storyboard; sourceTree = "<group>"; };
		1A7ED424251A159B00621779 /* Assets.xcassets */ = {isa = PBXFileReference; lastKnownFileType = folder.assetcatalog; path = Assets.xcassets; sourceTree = "<group>"; };
		1A7ED427251A159B00621779 /* Base */ = {isa = PBXFileReference; lastKnownFileType = file.storyboard; name = Base; path = Base.lproj/LaunchScreen.storyboard; sourceTree = "<group>"; };
		1A7ED429251A159B00621779 /* Info.plist */ = {isa = PBXFileReference; lastKnownFileType = text.plist.xml; path = Info.plist; sourceTree = "<group>"; };
		1A7ED42A251A159B00621779 /* main.m */ = {isa = PBXFileReference; lastKnownFileType = sourcecode.c.objc; path = main.m; sourceTree = "<group>"; };
		1A8C620F252357AA0042CEF4 /* libpdfix.a */ = {isa = PBXFileReference; lastKnownFileType = archive.ar; name = libpdfix.a; path = RApp/libpdfix.a; sourceTree = "<group>"; };
/* End PBXFileReference section */

/* Begin PBXFrameworksBuildPhase section */
		1A7ED412251A159B00621779 /* Frameworks */ = {
			isa = PBXFrameworksBuildPhase;
			buildActionMask = 2147483647;
			files = (
				1A8C6210252357AA0042CEF4 /* libpdfix.a in Frameworks */,
			);
			runOnlyForDeploymentPostprocessing = 0;
		};
/* End PBXFrameworksBuildPhase section */

/* Begin PBXGroup section */
		1A7ED40C251A159B00621779 = {
			isa = PBXGroup;
			children = (
				1A7ED417251A159B00621779 /* RApp */,
				1A7ED416251A159B00621779 /* Products */,
				1A8B39AA251A19BD000E001D /* Frameworks */,
			);
			sourceTree = "<group>";
		};
		1A7ED416251A159B00621779 /* Products */ = {
			isa = PBXGroup;
			children = (
				1A7ED415251A159B00621779 /* RApp.app */,
			);
			name = Products;
			sourceTree = "<group>";
		};
		1A7ED417251A159B00621779 /* RApp */ = {
			isa = PBXGroup;
			children = (
				1A7ED418251A159B00621779 /* AppDelegate.h */,
				1A7ED419251A159B00621779 /* AppDelegate.m */,
				1A7ED41B251A159B00621779 /* SceneDelegate.h */,
				1A7ED41C251A159B00621779 /* SceneDelegate.m */,
				1A7ED41E251A159B00621779 /* ViewController.h */,
				1A7ED41F251A159B00621779 /* ViewController.mm */,
				1A7ED421251A159B00621779 /* Main.storyboard */,
				1A7ED424251A159B00621779 /* Assets.xcassets */,
				1A7ED426251A159B00621779 /* LaunchScreen.storyboard */,
				1A7ED429251A159B00621779 /* Info.plist */,
				1A7ED42A251A159B00621779 /* main.m */,
			);
			path = RApp;
			sourceTree = "<group>";
		};
		1A8B39AA251A19BD000E001D /* Frameworks */ = {
			isa = PBXGroup;
			children = (
				1A8C620F252357AA0042CEF4 /* libpdfix.a */,
			);
			name = Frameworks;
			sourceTree = "<group>";
		};
/* End PBXGroup section */

/* Begin PBXNativeTarget section */
		1A7ED414251A159B00621779 /* RApp */ = {
			isa = PBXNativeTarget;
			buildConfigurationList = 1A7ED42E251A159B00621779 /* Build configuration list for PBXNativeTarget "RApp" */;
			buildPhases = (
				1A7ED411251A159B00621779 /* Sources */,
				1A7ED412251A159B00621779 /* Frameworks */,
				1A7ED413251A159B00621779 /* Resources */,
			);
			buildRules = (
			);
			dependencies = (
			);
			name = RApp;
			productName = RApp;
			productReference = 1A7ED415251A159B00621779 /* RApp.app */;
			productType = "com.apple.product-type.application";
		};
/* End PBXNativeTarget section */

/* Begin PBXProject section */
		1A7ED40D251A159B00621779 /* Project object */ = {
			isa = PBXProject;
			attributes = {
				LastUpgradeCheck = 1200;
				TargetAttributes = {
					1A7ED414251A159B00621779 = {
						CreatedOnToolsVersion = 12.0;
					};
				};
			};
			buildConfigurationList = 1A7ED410251A159B00621779 /* Build configuration list for PBXProject "RApp" */;
			compatibilityVersion = "Xcode 9.3";
			developmentRegion = en;
			hasScannedForEncodings = 0;
			knownRegions = (
				en,
				Base,
			);
			mainGroup = 1A7ED40C251A159B00621779;
			productRefGroup = 1A7ED416251A159B00621779 /* Products */;
			projectDirPath = "";
			projectRoot = "";
			targets = (
				1A7ED414251A159B00621779 /* RApp */,
			);
		};
/* End PBXProject section */

/* Begin PBXResourcesBuildPhase section */
		1A7ED413251A159B00621779 /* Resources */ = {
			isa = PBXResourcesBuildPhase;
			buildActionMask = 2147483647;
			files = (
				1A7ED428251A159B00621779 /* LaunchScreen.storyboard in Resources */,
				1A7ED425251A159B00621779 /* Assets.xcassets in Resources */,
				1A7ED423251A159B00621779 /* Main.storyboard in Resources */,
			);
			runOnlyForDeploymentPostprocessing = 0;
		};
/* End PBXResourcesBuildPhase section */

/* Begin PBXSourcesBuildPhase section */
		1A7ED411251A159B00621779 /* Sources */ = {
			isa = PBXSourcesBuildPhase;
			buildActionMask = 2147483647;
			files = (
				1A7ED420251A159B00621779 /* ViewController.mm in Sources */,
				1A7ED41A251A159B00621779 /* AppDelegate.m in Sources */,
				1A7ED42B251A159B00621779 /* main.m in Sources */,
				1A7ED41D251A159B00621779 /* SceneDelegate.m in Sources */,
			);
			runOnlyForDeploymentPostprocessing = 0;
		};
/* End PBXSourcesBuildPhase section */

/* Begin PBXVariantGroup section */
		1A7ED421251A159B00621779 /* Main.storyboard */ = {
			isa = PBXVariantGroup;
			children = (
				1A7ED422251A159B00621779 /* Base */,
			);
			name = Main.storyboard;
			sourceTree = "<group>";
		};
		1A7ED426251A159B00621779 /* LaunchScreen.storyboard */ = {
			isa = PBXVariantGroup;
			children = (
				1A7ED427251A159B00621779 /* Base */,
			);
			name = LaunchScreen.storyboard;
			sourceTree = "<group>";
		};
/* End PBXVariantGroup section */

/* Begin XCBuildConfiguration section */
		1A7ED42C251A159B00621779 /* Debug */ = {
			isa = XCBuildConfiguration;
			buildSettings = {
				ALWAYS_SEARCH_USER_PATHS = NO;
				CLANG_ANALYZER_NONNULL = YES;
				CLANG_ANALYZER_NUMBER_OBJECT_CONVERSION = YES_AGGRESSIVE;
				CLANG_CXX_LANGUAGE_STANDARD = "gnu++14";
				CLANG_CXX_LIBRARY = "libc++";
				CLANG_ENABLE_MODULES = YES;
				CLANG_ENABLE_OBJC_ARC = YES;
				CLANG_ENABLE_OBJC_WEAK = YES;
				CLANG_WARN_BLOCK_CAPTURE_AUTORELEASING = YES;
				CLANG_WARN_BOOL_CONVERSION = YES;
				CLANG_WARN_COMMA = YES;
				CLANG_WARN_CONSTANT_CONVERSION = YES;
				CLANG_WARN_DEPRECATED_OBJC_IMPLEMENTATIONS = YES;
				CLANG_WARN_DIRECT_OBJC_ISA_USAGE = YES_ERROR;
				CLANG_WARN_DOCUMENTATION_COMMENTS = YES;
				CLANG_WARN_EMPTY_BODY = YES;
				CLANG_WARN_ENUM_CONVERSION = YES;
				CLANG_WARN_INFINITE_RECURSION = YES;
				CLANG_WARN_INT_CONVERSION = YES;
				CLANG_WARN_NON_LITERAL_NULL_CONVERSION = YES;
				CLANG_WARN_OBJC_IMPLICIT_RETAIN_SELF = YES;
				CLANG_WARN_OBJC_LITERAL_CONVERSION = YES;
				CLANG_WARN_OBJC_ROOT_CLASS = YES_ERROR;
				CLANG_WARN_QUOTED_INCLUDE_IN_FRAMEWORK_HEADER = YES;
				CLANG_WARN_RANGE_LOOP_ANALYSIS = YES;
				CLANG_WARN_STRICT_PROTOTYPES = YES;
				CLANG_WARN_SUSPICIOUS_MOVE = YES;
				CLANG_WARN_UNGUARDED_AVAILABILITY = YES_AGGRESSIVE;
				CLANG_WARN_UNREACHABLE_CODE = YES;
				CLANG_WARN__DUPLICATE_METHOD_MATCH = YES;
				COPY_PHASE_STRIP = NO;
				DEBUG_INFORMATION_FORMAT = dwarf;
				ENABLE_STRICT_OBJC_MSGSEND = YES;
				ENABLE_TESTABILITY = YES;
				GCC_C_LANGUAGE_STANDARD = gnu11;
				GCC_DYNAMIC_NO_PIC = NO;
				GCC_NO_COMMON_BLOCKS = YES;
				GCC_OPTIMIZATION_LEVEL = 0;
				GCC_PREPROCESSOR_DEFINITIONS = (
					"DEBUG=1",
					"$(inherited)",
				);
				GCC_WARN_64_TO_32_BIT_CONVERSION = YES;
				GCC_WARN_ABOUT_RETURN_TYPE = YES_ERROR;
				GCC_WARN_UNDECLARED_SELECTOR = YES;
				GCC_WARN_UNINITIALIZED_AUTOS = YES_AGGRESSIVE;
				GCC_WARN_UNUSED_FUNCTION = YES;
				GCC_WARN_UNUSED_VARIABLE = YES;
				IPHONEOS_DEPLOYMENT_TARGET = 14.0;
				MTL_ENABLE_DEBUG_INFO = INCLUDE_SOURCE;
				MTL_FAST_MATH = YES;
				ONLY_ACTIVE_ARCH = YES;
				SDKROOT = iphoneos;
			};
			name = Debug;
		};
		1A7ED42D251A159B00621779 /* Release */ = {
			isa = XCBuildConfiguration;
			buildSettings = {
				ALWAYS_SEARCH_USER_PATHS = NO;
				CLANG_ANALYZER_NONNULL = YES;
				CLANG_ANALYZER_NUMBER_OBJECT_CONVERSION = YES_AGGRESSIVE;
				CLANG_CXX_LANGUAGE_STANDARD = "gnu++14";
				CLANG_CXX_LIBRARY = "libc++";
				CLANG_ENABLE_MODULES = YES;
				CLANG_ENABLE_OBJC_ARC = YES;
				CLANG_ENABLE_OBJC_WEAK = YES;
				CLANG_WARN_BLOCK_CAPTURE_AUTORELEASING = YES;
				CLANG_WARN_BOOL_CONVERSION = YES;
				CLANG_WARN_COMMA = YES;
				CLANG_WARN_CONSTANT_CONVERSION = YES;
				CLANG_WARN_DEPRECATED_OBJC_IMPLEMENTATIONS = YES;
				CLANG_WARN_DIRECT_OBJC_ISA_USAGE = YES_ERROR;
				CLANG_WARN_DOCUMENTATION_COMMENTS = YES;
				CLANG_WARN_EMPTY_BODY = YES;
				CLANG_WARN_ENUM_CONVERSION = YES;
				CLANG_WARN_INFINITE_RECURSION = YES;
				CLANG_WARN_INT_CONVERSION = YES;
				CLANG_WARN_NON_LITERAL_NULL_CONVERSION = YES;
				CLANG_WARN_OBJC_IMPLICIT_RETAIN_SELF = YES;
				CLANG_WARN_OBJC_LITERAL_CONVERSION = YES;
				CLANG_WARN_OBJC_ROOT_CLASS = YES_ERROR;
				CLANG_WARN_QUOTED_INCLUDE_IN_FRAMEWORK_HEADER = YES;
				CLANG_WARN_RANGE_LOOP_ANALYSIS = YES;
				CLANG_WARN_STRICT_PROTOTYPES = YES;
				CLANG_WARN_SUSPICIOUS_MOVE = YES;
				CLANG_WARN_UNGUARDED_AVAILABILITY = YES_AGGRESSIVE;
				CLANG_WARN_UNREACHABLE_CODE = YES;
				CLANG_WARN__DUPLICATE_METHOD_MATCH = YES;
				COPY_PHASE_STRIP = NO;
				DEBUG_INFORMATION_FORMAT = "dwarf-with-dsym";
				ENABLE_NS_ASSERTIONS = NO;
				ENABLE_STRICT_OBJC_MSGSEND = YES;
				GCC_C_LANGUAGE_STANDARD = gnu11;
				GCC_NO_COMMON_BLOCKS = YES;
				GCC_WARN_64_TO_32_BIT_CONVERSION = YES;
				GCC_WARN_ABOUT_RETURN_TYPE = YES_ERROR;
				GCC_WARN_UNDECLARED_SELECTOR = YES;
				GCC_WARN_UNINITIALIZED_AUTOS = YES_AGGRESSIVE;
				GCC_WARN_UNUSED_FUNCTION = YES;
				GCC_WARN_UNUSED_VARIABLE = YES;
				IPHONEOS_DEPLOYMENT_TARGET = 14.0;
				MTL_ENABLE_DEBUG_INFO = NO;
				MTL_FAST_MATH = YES;
				SDKROOT = iphoneos;
				VALIDATE_PRODUCT = YES;
			};
			name = Release;
		};
		1A7ED42F251A159B00621779 /* Debug */ = {
			isa = XCBuildConfiguration;
			buildSettings = {
				ASSETCATALOG_COMPILER_APPICON_NAME = AppIcon;
				ASSETCATALOG_COMPILER_GLOBAL_ACCENT_COLOR_NAME = AccentColor;
				CLANG_CXX_LANGUAGE_STANDARD = "gnu++0x";
				CLANG_ENABLE_OBJC_WEAK = NO;
				CODE_SIGN_STYLE = Automatic;
				DEVELOPMENT_TEAM = 4796K4D74T;
				GCC_C_LANGUAGE_STANDARD = gnu99;
				GCC_PREPROCESSOR_DEFINITIONS = (
					"DEBUG=1",
					"$(inherited)",
				);
				HEADER_SEARCH_PATHS = "$(PROJECT_DIR)/Rapp";
				INFOPLIST_FILE = RApp/Info.plist;
				IPHONEOS_DEPLOYMENT_TARGET = 10.3;
				LD_RUNPATH_SEARCH_PATHS = (
					"$(inherited)",
					"@executable_path/Frameworks",
				);
				LIBRARY_SEARCH_PATHS = (
					"$(inherited)",
					"$(PROJECT_DIR)",
					"$(PROJECT_DIR)/RApp",
				);
				PRODUCT_BUNDLE_IDENTIFIER = pdfix.RApp;
				PRODUCT_NAME = "$(TARGET_NAME)";
				SKIP_INSTALL = YES;
				TARGETED_DEVICE_FAMILY = "1,2";
			};
			name = Debug;
		};
		1A7ED430251A159B00621779 /* Release */ = {
			isa = XCBuildConfiguration;
			buildSettings = {
				ASSETCATALOG_COMPILER_APPICON_NAME = AppIcon;
				ASSETCATALOG_COMPILER_GLOBAL_ACCENT_COLOR_NAME = AccentColor;
				CLANG_CXX_LANGUAGE_STANDARD = "gnu++0x";
				CLANG_ENABLE_OBJC_WEAK = NO;
				CODE_SIGN_STYLE = Automatic;
				DEVELOPMENT_TEAM = 4796K4D74T;
				GCC_C_LANGUAGE_STANDARD = gnu99;
				GCC_PREPROCESSOR_DEFINITIONS = "";
				HEADER_SEARCH_PATHS = "$(PROJECT_DIR)/Rapp";
				INFOPLIST_FILE = RApp/Info.plist;
				IPHONEOS_DEPLOYMENT_TARGET = 10.3;
				LD_RUNPATH_SEARCH_PATHS = (
					"$(inherited)",
					"@executable_path/Frameworks",
				);
				LIBRARY_SEARCH_PATHS = (
					"$(inherited)",
					"$(PROJECT_DIR)",
					"$(PROJECT_DIR)/RApp",
				);
				PRODUCT_BUNDLE_IDENTIFIER = pdfix.RApp;
				PRODUCT_NAME = "$(TARGET_NAME)";
				SKIP_INSTALL = YES;
				TARGETED_DEVICE_FAMILY = "1,2";
			};
			name = Release;
		};
/* End XCBuildConfiguration section */

/* Begin XCConfigurationList section */
		1A7ED410251A159B00621779 /* Build configuration list for PBXProject "RApp" */ = {
			isa = XCConfigurationList;
			buildConfigurations = (
				1A7ED42C251A159B00621779 /* Debug */,
				1A7ED42D251A159B00621779 /* Release */,
			);
			defaultConfigurationIsVisible = 0;
			defaultConfigurationName = Release;
		};
		1A7ED42E251A159B00621779 /* Build configuration list for PBXNativeTarget "RApp" */ = {
			isa = XCConfigurationList;
			buildConfigurations = (
				1A7ED42F251A159B00621779 /* Debug */,
				1A7ED430251A159B00621779 /* Release */,
			);
			defaultConfigurationIsVisible = 0;
			defaultConfigurationName = Release;
		};
/* End XCConfigurationList section */
	};
	rootObject = 1A7ED40D251A159B00621779 /* Project object */;
}
